
Microsoft Visual Studio Solution File, Format Version 12.00
# Visual Studio 14
VisualStudioVersion = 14.0.25420.1
MinimumVisualStudioVersion = 10.0.40219.1
Project("{FAE04EC0-301F-11D3-BF4B-00C04F79EFBC}") = "OpenB.BPME.Service", "OpenB.BPME.Service\OpenB.BPME.Service.csproj", "{C5788E4E-EBDC-4781-9783-CCE7FE8D366C}"
EndProject
Project("{FAE04EC0-301F-11D3-BF4B-00C04F79EFBC}") = "OpenB.BPME.Core", "OpenB.BPME.Core\OpenB.BPME.Core.csproj", "{CC0505A5-78E0-4BDB-A8AB-F426ECC77673}"
EndProject
Project("{FAE04EC0-301F-11D3-BF4B-00C04F79EFBC}") = "OpenB.BPME.Core.Test", "OpenB.BPME.Core.Test\OpenB.BPME.Core.Test.csproj", "{F009DE8E-E906-4815-B842-B69709A7DB0E}"
EndProject
Project("{FAE04EC0-301F-11D3-BF4B-00C04F79EFBC}") = "OpenB.BPM.TaskEngineService", "OpenB.BMP.TaskEngineService\OpenB.BPM.TaskEngineService.csproj", "{D73F7D7D-801E-432F-917F-3E5D1AE0CE4C}"
EndProject
Project("{FAE04EC0-301F-11D3-BF4B-00C04F79EFBC}") = "OpenB.BPM.TaskEngine", "OpenB.BPM.TaskEngine\OpenB.BPM.TaskEngine.csproj", "{60BB6033-60CE-45EB-BB17-FD73F8FB90C8}"
EndProject
Project("{FAE04EC0-301F-11D3-BF4B-00C04F79EFBC}") = "OpenB.TaskEngine.Test", "OpenB.TaskEngine.Test\OpenB.TaskEngine.Test.csproj", "{4F0EAD76-9EF0-49E3-A077-CB3DB3C10AF7}"
EndProject
Global
	GlobalSection(SolutionConfigurationPlatforms) = preSolution
		Debug|Any CPU = Debug|Any CPU
		Release|Any CPU = Release|Any CPU
	EndGlobalSection
	GlobalSection(ProjectConfigurationPlatforms) = postSolution
		{C5788E4E-EBDC-4781-9783-CCE7FE8D366C}.Debug|Any CPU.ActiveCfg = Debug|Any CPU
		{C5788E4E-EBDC-4781-9783-CCE7FE8D366C}.Debug|Any CPU.Build.0 = Debug|Any CPU
		{C5788E4E-EBDC-4781-9783-CCE7FE8D366C}.Release|Any CPU.ActiveCfg = Release|Any CPU
		{C5788E4E-EBDC-4781-9783-CCE7FE8D366C}.Release|Any CPU.Build.0 = Release|Any CPU
		{CC0505A5-78E0-4BDB-A8AB-F426ECC77673}.Debug|Any CPU.ActiveCfg = Debug|Any CPU
		{CC0505A5-78E0-4BDB-A8AB-F426ECC77673}.Debug|Any CPU.Build.0 = Debug|Any CPU
		{CC0505A5-78E0-4BDB-A8AB-F426ECC77673}.Release|Any CPU.ActiveCfg = Release|Any CPU
		{CC0505A5-78E0-4BDB-A8AB-F426ECC77673}.Release|Any CPU.Build.0 = Release|Any CPU
		{F009DE8E-E906-4815-B842-B69709A7DB0E}.Debug|Any CPU.ActiveCfg = Debug|Any CPU
		{F009DE8E-E906-4815-B842-B69709A7DB0E}.Debug|Any CPU.Build.0 = Debug|Any CPU
		{F009DE8E-E906-4815-B842-B69709A7DB0E}.Release|Any CPU.ActiveCfg = Release|Any CPU
		{F009DE8E-E906-4815-B842-B69709A7DB0E}.Release|Any CPU.Build.0 = Release|Any CPU
		{D73F7D7D-801E-432F-917F-3E5D1AE0CE4C}.Debug|Any CPU.ActiveCfg = Debug|Any CPU
		{D73F7D7D-801E-432F-917F-3E5D1AE0CE4C}.Debug|Any CPU.Build.0 = Debug|Any CPU
		{D73F7D7D-801E-432F-917F-3E5D1AE0CE4C}.Release|Any CPU.ActiveCfg = Release|Any CPU
		{D73F7D7D-801E-432F-917F-3E5D1AE0CE4C}.Release|Any CPU.Build.0 = Release|Any CPU
		{60BB6033-60CE-45EB-BB17-FD73F8FB90C8}.Debug|Any CPU.ActiveCfg = Debug|Any CPU
		{60BB6033-60CE-45EB-BB17-FD73F8FB90C8}.Debug|Any CPU.Build.0 = Debug|Any CPU
		{60BB6033-60CE-45EB-BB17-FD73F8FB90C8}.Release|Any CPU.ActiveCfg = Release|Any CPU
		{60BB6033-60CE-45EB-BB17-FD73F8FB90C8}.Release|Any CPU.Build.0 = Release|Any CPU
		{4F0EAD76-9EF0-49E3-A077-CB3DB3C10AF7}.Debug|Any CPU.ActiveCfg = Debug|Any CPU
		{4F0EAD76-9EF0-49E3-A077-CB3DB3C10AF7}.Debug|Any CPU.Build.0 = Debug|Any CPU
		{4F0EAD76-9EF0-49E3-A077-CB3DB3C10AF7}.Release|Any CPU.ActiveCfg = Release|Any CPU
		{4F0EAD76-9EF0-49E3-A077-CB3DB3C10AF7}.Release|Any CPU.Build.0 = Release|Any CPU
	EndGlobalSection
	GlobalSection(SolutionProperties) = preSolution
		HideSolutionNode = FALSE
	EndGlobalSection
EndGlobal
